
Microsoft Visual Studio Solution File, Format Version 12.00
# Visual Studio Version 17
VisualStudioVersion = 17.8.34322.80
MinimumVisualStudioVersion = 10.0.40219.1
Project("{9A19103F-16F7-4668-BE54-9A1E7A4F7556}") = "DndDungeons.API", "DndDungeons.API\DndDungeons.API.csproj", "{CE4218EA-098C-4380-AEA0-F8D313AEFE0B}"
EndProject
Project("{FAE04EC0-301F-11D3-BF4B-00C04F79EFBC}") = "DndDungeons.UI", "DndDungeons.UI\DndDungeons.UI.csproj", "{29CAE2F8-8895-46C6-A1DD-474728DA4FC0}"
EndProject
Global
	GlobalSection(SolutionConfigurationPlatforms) = preSolution
		Debug|Any CPU = Debug|Any CPU
		Release|Any CPU = Release|Any CPU
	EndGlobalSection
	GlobalSection(ProjectConfigurationPlatforms) = postSolution
		{CE4218EA-098C-4380-AEA0-F8D313AEFE0B}.Debug|Any CPU.ActiveCfg = Debug|Any CPU
		{CE4218EA-098C-4380-AEA0-F8D313AEFE0B}.Debug|Any CPU.Build.0 = Debug|Any CPU
		{CE4218EA-098C-4380-AEA0-F8D313AEFE0B}.Release|Any CPU.ActiveCfg = Release|Any CPU
		{CE4218EA-098C-4380-AEA0-F8D313AEFE0B}.Release|Any CPU.Build.0 = Release|Any CPU
		{29CAE2F8-8895-46C6-A1DD-474728DA4FC0}.Debug|Any CPU.ActiveCfg = Debug|Any CPU
		{29CAE2F8-8895-46C6-A1DD-474728DA4FC0}.Debug|Any CPU.Build.0 = Debug|Any CPU
		{29CAE2F8-8895-46C6-A1DD-474728DA4FC0}.Release|Any CPU.ActiveCfg = Release|Any CPU
		{29CAE2F8-8895-46C6-A1DD-474728DA4FC0}.Release|Any CPU.Build.0 = Release|Any CPU
	EndGlobalSection
	GlobalSection(SolutionProperties) = preSolution
		HideSolutionNode = FALSE
	EndGlobalSection
	GlobalSection(ExtensibilityGlobals) = postSolution
		SolutionGuid = {5E2C7CBF-8651-4ABA-99F5-9ECDCEDFC376}
	EndGlobalSection
EndGlobal
